
Microsoft Visual Studio Solution File, Format Version 12.00
# Visual Studio Version 17
VisualStudioVersion = 17.5.33424.131
MinimumVisualStudioVersion = 10.0.40219.1
Project("{FAE04EC0-301F-11D3-BF4B-00C04F79EFBC}") = "Acanala.CastingApp.Web", "Acanala.CastingApp.Web\Acanala.CastingApp.Web.csproj", "{4814A915-B802-44D7-BCCA-B0C0143AEED5}"
EndProject
Global
	GlobalSection(SolutionConfigurationPlatforms) = preSolution
		Debug|Any CPU = Debug|Any CPU
		Release|Any CPU = Release|Any CPU
	EndGlobalSection
	GlobalSection(ProjectConfigurationPlatforms) = postSolution
		{4814A915-B802-44D7-BCCA-B0C0143AEED5}.Debug|Any CPU.ActiveCfg = Debug|Any CPU
		{4814A915-B802-44D7-BCCA-B0C0143AEED5}.Debug|Any CPU.Build.0 = Debug|Any CPU
		{4814A915-B802-44D7-BCCA-B0C0143AEED5}.Release|Any CPU.ActiveCfg = Release|Any CPU
		{4814A915-B802-44D7-BCCA-B0C0143AEED5}.Release|Any CPU.Build.0 = Release|Any CPU
	EndGlobalSection
	GlobalSection(SolutionProperties) = preSolution
		HideSolutionNode = FALSE
	EndGlobalSection
	GlobalSection(ExtensibilityGlobals) = postSolution
		SolutionGuid = {A1EF6859-814F-4EE0-BD2C-53487630DFFF}
	EndGlobalSection
EndGlobal
